Microsoft Visual Studio Solution File, Format Version 11.00
# Visual Studio 2008

Project("{48502D42-B98A-2AE7-3AC8-4A5AB957A009}") = "Tobii EyeX Test", "Assembly-CSharp.csproj", "{D314ACB3-A5E7-B333-592D-83D2CC8ABCD2}"
EndProject
Project("{48502D42-B98A-2AE7-3AC8-4A5AB957A009}") = "Tobii EyeX Test", "Assembly-CSharp-Editor.csproj", "{B75D09F4-AABD-C1EE-B9F0-78660955E0D1}"
EndProject
Global
	GlobalSection(SolutionConfigurationPlatforms) = preSolution
		Debug|Any CPU = Debug|Any CPU
		Release|Any CPU = Release|Any CPU
	EndGlobalSection
	GlobalSection(ProjectConfigurationPlatforms) = postSolution
		{D314ACB3-A5E7-B333-592D-83D2CC8ABCD2}.Debug|Any CPU.ActiveCfg = Debug|Any CPU
		{D314ACB3-A5E7-B333-592D-83D2CC8ABCD2}.Debug|Any CPU.Build.0 = Debug|Any CPU
		{D314ACB3-A5E7-B333-592D-83D2CC8ABCD2}.Release|Any CPU.ActiveCfg = Release|Any CPU
		{D314ACB3-A5E7-B333-592D-83D2CC8ABCD2}.Release|Any CPU.Build.0 = Release|Any CPU
		{B75D09F4-AABD-C1EE-B9F0-78660955E0D1}.Debug|Any CPU.ActiveCfg = Debug|Any CPU
		{B75D09F4-AABD-C1EE-B9F0-78660955E0D1}.Debug|Any CPU.Build.0 = Debug|Any CPU
		{B75D09F4-AABD-C1EE-B9F0-78660955E0D1}.Release|Any CPU.ActiveCfg = Release|Any CPU
		{B75D09F4-AABD-C1EE-B9F0-78660955E0D1}.Release|Any CPU.Build.0 = Release|Any CPU
	EndGlobalSection
	GlobalSection(SolutionProperties) = preSolution
		HideSolutionNode = FALSE
	EndGlobalSection
	GlobalSection(MonoDevelopProperties) = preSolution
		StartupItem = Assembly-CSharp.csproj
	EndGlobalSection
EndGlobal
