
Microsoft Visual Studio Solution File, Format Version 12.00
# Visual Studio 2015
Project("{FAE04EC0-301F-11D3-BF4B-00C04F79EFBC}") = "Tobii EyeX Test", "Tobii EyeX Test.csproj", "{D02708EC-ADD6-F7D2-0C6F-08FAF13FA17A}"
EndProject
Project("{FAE04EC0-301F-11D3-BF4B-00C04F79EFBC}") = "Tobii EyeX Test.Editor", "Tobii EyeX Test.Editor.csproj", "{86836465-299D-9594-D655-F7076FC3D507}"
EndProject
Global
	GlobalSection(SolutionConfigurationPlatforms) = preSolution
		Debug|Any CPU = Debug|Any CPU
		Release|Any CPU = Release|Any CPU
	EndGlobalSection
	GlobalSection(ProjectConfigurationPlatforms) = postSolution
		{D02708EC-ADD6-F7D2-0C6F-08FAF13FA17A}.Debug|Any CPU.ActiveCfg = Debug|Any CPU
		{D02708EC-ADD6-F7D2-0C6F-08FAF13FA17A}.Debug|Any CPU.Build.0 = Debug|Any CPU
		{D02708EC-ADD6-F7D2-0C6F-08FAF13FA17A}.Release|Any CPU.ActiveCfg = Release|Any CPU
		{D02708EC-ADD6-F7D2-0C6F-08FAF13FA17A}.Release|Any CPU.Build.0 = Release|Any CPU
		{86836465-299D-9594-D655-F7076FC3D507}.Debug|Any CPU.ActiveCfg = Debug|Any CPU
		{86836465-299D-9594-D655-F7076FC3D507}.Debug|Any CPU.Build.0 = Debug|Any CPU
		{86836465-299D-9594-D655-F7076FC3D507}.Release|Any CPU.ActiveCfg = Release|Any CPU
		{86836465-299D-9594-D655-F7076FC3D507}.Release|Any CPU.Build.0 = Release|Any CPU
	EndGlobalSection
	GlobalSection(SolutionProperties) = preSolution
		HideSolutionNode = FALSE
	EndGlobalSection
EndGlobal
